
Microsoft Visual Studio Solution File, Format Version 12.00
# Visual Studio Version 16
VisualStudioVersion = 16.0.31129.286
MinimumVisualStudioVersion = 10.0.40219.1
Project("{9A19103F-16F7-4668-BE54-9A1E7A4F7556}") = "FunkcjaKwadratowaWithNUnit", "FunkcjaKwadratowaWithNUnit.csproj", "{B0AF1F33-A03F-4EC4-BD1A-17E3EA4B9090}"
EndProject
Project("{9A19103F-16F7-4668-BE54-9A1E7A4F7556}") = "nUnitTests", "..\nUnitTests\nUnitTests.csproj", "{A9FA588F-FAAD-4B45-9C33-F84A8B25F0E3}"
EndProject
Global
	GlobalSection(SolutionConfigurationPlatforms) = preSolution
		Debug|Any CPU = Debug|Any CPU
		Release|Any CPU = Release|Any CPU
	EndGlobalSection
	GlobalSection(ProjectConfigurationPlatforms) = postSolution
		{B0AF1F33-A03F-4EC4-BD1A-17E3EA4B9090}.Debug|Any CPU.ActiveCfg = Debug|Any CPU
		{B0AF1F33-A03F-4EC4-BD1A-17E3EA4B9090}.Debug|Any CPU.Build.0 = Debug|Any CPU
		{B0AF1F33-A03F-4EC4-BD1A-17E3EA4B9090}.Release|Any CPU.ActiveCfg = Release|Any CPU
		{B0AF1F33-A03F-4EC4-BD1A-17E3EA4B9090}.Release|Any CPU.Build.0 = Release|Any CPU
		{A9FA588F-FAAD-4B45-9C33-F84A8B25F0E3}.Debug|Any CPU.ActiveCfg = Debug|Any CPU
		{A9FA588F-FAAD-4B45-9C33-F84A8B25F0E3}.Debug|Any CPU.Build.0 = Debug|Any CPU
		{A9FA588F-FAAD-4B45-9C33-F84A8B25F0E3}.Release|Any CPU.ActiveCfg = Release|Any CPU
		{A9FA588F-FAAD-4B45-9C33-F84A8B25F0E3}.Release|Any CPU.Build.0 = Release|Any CPU
	EndGlobalSection
	GlobalSection(SolutionProperties) = preSolution
		HideSolutionNode = FALSE
	EndGlobalSection
	GlobalSection(ExtensibilityGlobals) = postSolution
		SolutionGuid = {4CFAD053-9E48-458F-962A-1C4F1E4C8F04}
	EndGlobalSection
EndGlobal
